// !$*UTF8*$!
{
	archiveVersion = 1;
	classes = {
	};
	objectVersion = 50;
	objects = {

/* Begin PBXBuildFile section */
		97DDC2D4F4F1A9D31816A9A3 /* Pods_GoPay_Tokenization_Swift.framework in Frameworks */ = {isa = PBXBuildFile; fileRef = 8426DEE609B819A21B9A1D5B /* Pods_GoPay_Tokenization_Swift.framework */; };
		DD689F3724CD59F100635225 /* AppDelegate.swift in Sources */ = {isa = PBXBuildFile; fileRef = DD689F3624CD59F100635225 /* AppDelegate.swift */; };
		DD689F3924CD59F100635225 /* SceneDelegate.swift in Sources */ = {isa = PBXBuildFile; fileRef = DD689F3824CD59F100635225 /* SceneDelegate.swift */; };
		DD689F3B24CD59F100635225 /* ViewController.swift in Sources */ = {isa = PBXBuildFile; fileRef = DD689F3A24CD59F100635225 /* ViewController.swift */; };
		DD689F3E24CD59F100635225 /* Main.storyboard in Resources */ = {isa = PBXBuildFile; fileRef = DD689F3C24CD59F100635225 /* Main.storyboard */; };
		DD689F4024CD59F300635225 /* Assets.xcassets in Resources */ = {isa = PBXBuildFile; fileRef = DD689F3F24CD59F300635225 /* Assets.xcassets */; };
		DD689F4324CD59F300635225 /* LaunchScreen.storyboard in Resources */ = {isa = PBXBuildFile; fileRef = DD689F4124CD59F300635225 /* LaunchScreen.storyboard */; };
/* End PBXBuildFile section */

/* Begin PBXFileReference section */
		82BD4BE8A20EB9B346789BC5 /* Pods-GoPay-Tokenization-Swift.release.xcconfig */ = {isa = PBXFileReference; includeInIndex = 1; lastKnownFileType = text.xcconfig; name = "Pods-GoPay-Tokenization-Swift.release.xcconfig"; path = "Target Support Files/Pods-GoPay-Tokenization-Swift/Pods-GoPay-Tokenization-Swift.release.xcconfig"; sourceTree = "<group>"; };
		8426DEE609B819A21B9A1D5B /* Pods_GoPay_Tokenization_Swift.framework */ = {isa = PBXFileReference; explicitFileType = wrapper.framework; includeInIndex = 0; path = Pods_GoPay_Tokenization_Swift.framework; sourceTree = BUILT_PRODUCTS_DIR; };
		859C0FE1BC6BF06FAD4E9082 /* Pods-GoPay-Tokenization-Swift.debug.xcconfig */ = {isa = PBXFileReference; includeInIndex = 1; lastKnownFileType = text.xcconfig; name = "Pods-GoPay-Tokenization-Swift.debug.xcconfig"; path = "Target Support Files/Pods-GoPay-Tokenization-Swift/Pods-GoPay-Tokenization-Swift.debug.xcconfig"; sourceTree = "<group>"; };
		DD689F3324CD59F100635225 /* GoPay-Tokenization-Swift.app */ = {isa = PBXFileReference; explicitFileType = wrapper.application; includeInIndex = 0; path = "GoPay-Tokenization-Swift.app"; sourceTree = BUILT_PRODUCTS_DIR; };
		DD689F3624CD59F100635225 /* AppDelegate.swift */ = {isa = PBXFileReference; lastKnownFileType = sourcecode.swift; path = AppDelegate.swift; sourceTree = "<group>"; };
		DD689F3824CD59F100635225 /* SceneDelegate.swift */ = {isa = PBXFileReference; lastKnownFileType = sourcecode.swift; path = SceneDelegate.swift; sourceTree = "<group>"; };
		DD689F3A24CD59F100635225 /* ViewController.swift */ = {isa = PBXFileReference; lastKnownFileType = sourcecode.swift; path = ViewController.swift; sourceTree = "<group>"; };
		DD689F3D24CD59F100635225 /* Base */ = {isa = PBXFileReference; lastKnownFileType = file.storyboard; name = Base; path = Base.lproj/Main.storyboard; sourceTree = "<group>"; };
		DD689F3F24CD59F300635225 /* Assets.xcassets */ = {isa = PBXFileReference; lastKnownFileType = folder.assetcatalog; path = Assets.xcassets; sourceTree = "<group>"; };
		DD689F4224CD59F300635225 /* Base */ = {isa = PBXFileReference; lastKnownFileType = file.storyboard; name = Base; path = Base.lproj/LaunchScreen.storyboard; sourceTree = "<group>"; };
		DD689F4424CD59F300635225 /* Info.plist */ = {isa = PBXFileReference; lastKnownFileType = text.plist.xml; path = Info.plist; sourceTree = "<group>"; };
/* End PBXFileReference section */

/* Begin PBXFrameworksBuildPhase section */
		DD689F3024CD59F100635225 /* Frameworks */ = {
			isa = PBXFrameworksBuildPhase;
			buildActionMask = 2147483647;
			files = (
				97DDC2D4F4F1A9D31816A9A3 /* Pods_GoPay_Tokenization_Swift.framework in Frameworks */,
			);
			runOnlyForDeploymentPostprocessing = 0;
		};
/* End PBXFrameworksBuildPhase section */

/* Begin PBXGroup section */
		577AA139BAB0199926B8E161 /* Frameworks */ = {
			isa = PBXGroup;
			children = (
				8426DEE609B819A21B9A1D5B /* Pods_GoPay_Tokenization_Swift.framework */,
			);
			name = Frameworks;
			sourceTree = "<group>";
		};
		CE7BD59627F600ACCB4E9C67 /* Pods */ = {
			isa = PBXGroup;
			children = (
				859C0FE1BC6BF06FAD4E9082 /* Pods-GoPay-Tokenization-Swift.debug.xcconfig */,
				82BD4BE8A20EB9B346789BC5 /* Pods-GoPay-Tokenization-Swift.release.xcconfig */,
			);
			name = Pods;
			path = Pods;
			sourceTree = "<group>";
		};
		DD689F2A24CD59F000635225 = {
			isa = PBXGroup;
			children = (
				DD689F3524CD59F100635225 /* GoPay-Tokenization-Swift */,
				DD689F3424CD59F100635225 /* Products */,
				CE7BD59627F600ACCB4E9C67 /* Pods */,
				577AA139BAB0199926B8E161 /* Frameworks */,
			);
			sourceTree = "<group>";
		};
		DD689F3424CD59F100635225 /* Products */ = {
			isa = PBXGroup;
			children = (
				DD689F3324CD59F100635225 /* GoPay-Tokenization-Swift.app */,
			);
			name = Products;
			sourceTree = "<group>";
		};
		DD689F3524CD59F100635225 /* GoPay-Tokenization-Swift */ = {
			isa = PBXGroup;
			children = (
				DD689F3624CD59F100635225 /* AppDelegate.swift */,
				DD689F3824CD59F100635225 /* SceneDelegate.swift */,
				DD689F3A24CD59F100635225 /* ViewController.swift */,
				DD689F3C24CD59F100635225 /* Main.storyboard */,
				DD689F3F24CD59F300635225 /* Assets.xcassets */,
				DD689F4124CD59F300635225 /* LaunchScreen.storyboard */,
				DD689F4424CD59F300635225 /* Info.plist */,
			);
			path = "GoPay-Tokenization-Swift";
			sourceTree = "<group>";
		};
/* End PBXGroup section */

/* Begin PBXNativeTarget section */
		DD689F3224CD59F100635225 /* GoPay-Tokenization-Swift */ = {
			isa = PBXNativeTarget;
			buildConfigurationList = DD689F4724CD59F300635225 /* Build configuration list for PBXNativeTarget "GoPay-Tokenization-Swift" */;
			buildPhases = (
				2AE2F48E79A1326F419A2AFA /* [CP] Check Pods Manifest.lock */,
				2C2A05BC7CDF1EE90B5AB5C4 /* [CP] Prepare Artifacts */,
				DD689F2F24CD59F100635225 /* Sources */,
				DD689F3024CD59F100635225 /* Frameworks */,
				DD689F3124CD59F100635225 /* Resources */,
				80CB1FC6CB35F4526982EB62 /* [CP] Embed Pods Frameworks */,
			);
			buildRules = (
			);
			dependencies = (
			);
			name = "GoPay-Tokenization-Swift";
			productName = "GoPay-Tokenization-Swift";
			productReference = DD689F3324CD59F100635225 /* GoPay-Tokenization-Swift.app */;
			productType = "com.apple.product-type.application";
		};
/* End PBXNativeTarget section */

/* Begin PBXProject section */
		DD689F2B24CD59F100635225 /* Project object */ = {
			isa = PBXProject;
			attributes = {
				LastSwiftUpdateCheck = 1160;
				LastUpgradeCheck = 1160;
				ORGANIZATIONNAME = "Muhammad Fauzi Masykur";
				TargetAttributes = {
					DD689F3224CD59F100635225 = {
						CreatedOnToolsVersion = 11.6;
					};
				};
			};
			buildConfigurationList = DD689F2E24CD59F100635225 /* Build configuration list for PBXProject "GoPay-Tokenization-Swift" */;
			compatibilityVersion = "Xcode 9.3";
			developmentRegion = en;
			hasScannedForEncodings = 0;
			knownRegions = (
				en,
				Base,
			);
			mainGroup = DD689F2A24CD59F000635225;
			productRefGroup = DD689F3424CD59F100635225 /* Products */;
			projectDirPath = "";
			projectRoot = "";
			targets = (
				DD689F3224CD59F100635225 /* GoPay-Tokenization-Swift */,
			);
		};
/* End PBXProject section */

/* Begin PBXResourcesBuildPhase section */
		DD689F3124CD59F100635225 /* Resources */ = {
			isa = PBXResourcesBuildPhase;
			buildActionMask = 2147483647;
			files = (
				DD689F4324CD59F300635225 /* LaunchScreen.storyboard in Resources */,
				DD689F4024CD59F300635225 /* Assets.xcassets in Resources */,
				DD689F3E24CD59F100635225 /* Main.storyboard in Resources */,
			);
			runOnlyForDeploymentPostprocessing = 0;
		};
/* End PBXResourcesBuildPhase section */

/* Begin PBXShellScriptBuildPhase section */
		2AE2F48E79A1326F419A2AFA /* [CP] Check Pods Manifest.lock */ = {
			isa = PBXShellScriptBuildPhase;
			buildActionMask = 2147483647;
			files = (
			);
			inputFileListPaths = (
			);
			inputPaths = (
				"${PODS_PODFILE_DIR_PATH}/Podfile.lock",
				"${PODS_ROOT}/Manifest.lock",
			);
			name = "[CP] Check Pods Manifest.lock";
			outputFileListPaths = (
			);
			outputPaths = (
				"$(DERIVED_FILE_DIR)/Pods-GoPay-Tokenization-Swift-checkManifestLockResult.txt",
			);
			runOnlyForDeploymentPostprocessing = 0;
			shellPath = /bin/sh;
			shellScript = "diff \"${PODS_PODFILE_DIR_PATH}/Podfile.lock\" \"${PODS_ROOT}/Manifest.lock\" > /dev/null\nif [ $? != 0 ] ; then\n    # print error to STDERR\n    echo \"error: The sandbox is not in sync with the Podfile.lock. Run 'pod install' or update your CocoaPods installation.\" >&2\n    exit 1\nfi\n# This output is used by Xcode 'outputs' to avoid re-running this script phase.\necho \"SUCCESS\" > \"${SCRIPT_OUTPUT_FILE_0}\"\n";
			showEnvVarsInLog = 0;
		};
		2C2A05BC7CDF1EE90B5AB5C4 /* [CP] Prepare Artifacts */ = {
			isa = PBXShellScriptBuildPhase;
			buildActionMask = 2147483647;
			files = (
			);
			inputFileListPaths = (
				"${PODS_ROOT}/Target Support Files/Pods-GoPay-Tokenization-Swift/Pods-GoPay-Tokenization-Swift-artifacts-${CONFIGURATION}-input-files.xcfilelist",
			);
			name = "[CP] Prepare Artifacts";
			outputFileListPaths = (
				"${PODS_ROOT}/Target Support Files/Pods-GoPay-Tokenization-Swift/Pods-GoPay-Tokenization-Swift-artifacts-${CONFIGURATION}-output-files.xcfilelist",
			);
			runOnlyForDeploymentPostprocessing = 0;
			shellPath = /bin/sh;
			shellScript = "\"${PODS_ROOT}/Target Support Files/Pods-GoPay-Tokenization-Swift/Pods-GoPay-Tokenization-Swift-artifacts.sh\"\n";
			showEnvVarsInLog = 0;
		};
		80CB1FC6CB35F4526982EB62 /* [CP] Embed Pods Frameworks */ = {
			isa = PBXShellScriptBuildPhase;
			buildActionMask = 2147483647;
			files = (
			);
			inputFileListPaths = (
				"${PODS_ROOT}/Target Support Files/Pods-GoPay-Tokenization-Swift/Pods-GoPay-Tokenization-Swift-frameworks-${CONFIGURATION}-input-files.xcfilelist",
			);
			name = "[CP] Embed Pods Frameworks";
			outputFileListPaths = (
				"${PODS_ROOT}/Target Support Files/Pods-GoPay-Tokenization-Swift/Pods-GoPay-Tokenization-Swift-frameworks-${CONFIGURATION}-output-files.xcfilelist",
			);
			runOnlyForDeploymentPostprocessing = 0;
			shellPath = /bin/sh;
			shellScript = "\"${PODS_ROOT}/Target Support Files/Pods-GoPay-Tokenization-Swift/Pods-GoPay-Tokenization-Swift-frameworks.sh\"\n";
			showEnvVarsInLog = 0;
		};
/* End PBXShellScriptBuildPhase section */

/* Begin PBXSourcesBuildPhase section */
		DD689F2F24CD59F100635225 /* Sources */ = {
			isa = PBXSourcesBuildPhase;
			buildActionMask = 2147483647;
			files = (
				DD689F3B24CD59F100635225 /* ViewController.swift in Sources */,
				DD689F3724CD59F100635225 /* AppDelegate.swift in Sources */,
				DD689F3924CD59F100635225 /* SceneDelegate.swift in Sources */,
			);
			runOnlyForDeploymentPostprocessing = 0;
		};
/* End PBXSourcesBuildPhase section */

/* Begin PBXVariantGroup section */
		DD689F3C24CD59F100635225 /* Main.storyboard */ = {
			isa = PBXVariantGroup;
			children = (
				DD689F3D24CD59F100635225 /* Base */,
			);
			name = Main.storyboard;
			sourceTree = "<group>";
		};
		DD689F4124CD59F300635225 /* LaunchScreen.storyboard */ = {
			isa = PBXVariantGroup;
			children = (
				DD689F4224CD59F300635225 /* Base */,
			);
			name = LaunchScreen.storyboard;
			sourceTree = "<group>";
		};
/* End PBXVariantGroup section */

/* Begin XCBuildConfiguration section */
		DD689F4524CD59F300635225 /* Debug */ = {
			isa = XCBuildConfiguration;
			buildSettings = {
				ALWAYS_SEARCH_USER_PATHS = NO;
				CLANG_ANALYZER_NONNULL = YES;
				CLANG_ANALYZER_NUMBER_OBJECT_CONVERSION = YES_AGGRESSIVE;
				CLANG_CXX_LANGUAGE_STANDARD = "gnu++14";
				CLANG_CXX_LIBRARY = "libc++";
				CLANG_ENABLE_MODULES = YES;
				CLANG_ENABLE_OBJC_ARC = YES;
				CLANG_ENABLE_OBJC_WEAK = YES;
				CLANG_WARN_BLOCK_CAPTURE_AUTORELEASING = YES;
				CLANG_WARN_BOOL_CONVERSION = YES;
				CLANG_WARN_COMMA = YES;
				CLANG_WARN_CONSTANT_CONVERSION = YES;
				CLANG_WARN_DEPRECATED_OBJC_IMPLEMENTATIONS = YES;
				CLANG_WARN_DIRECT_OBJC_ISA_USAGE = YES_ERROR;
				CLANG_WARN_DOCUMENTATION_COMMENTS = YES;
				CLANG_WARN_EMPTY_BODY = YES;
				CLANG_WARN_ENUM_CONVERSION = YES;
				CLANG_WARN_INFINITE_RECURSION = YES;
				CLANG_WARN_INT_CONVERSION = YES;
				CLANG_WARN_NON_LITERAL_NULL_CONVERSION = YES;
				CLANG_WARN_OBJC_IMPLICIT_RETAIN_SELF = YES;
				CLANG_WARN_OBJC_LITERAL_CONVERSION = YES;
				CLANG_WARN_OBJC_ROOT_CLASS = YES_ERROR;
				CLANG_WARN_RANGE_LOOP_ANALYSIS = YES;
				CLANG_WARN_STRICT_PROTOTYPES = YES;
				CLANG_WARN_SUSPICIOUS_MOVE = YES;
				CLANG_WARN_UNGUARDED_AVAILABILITY = YES_AGGRESSIVE;
				CLANG_WARN_UNREACHABLE_CODE = YES;
				CLANG_WARN__DUPLICATE_METHOD_MATCH = YES;
				COPY_PHASE_STRIP = NO;
				DEBUG_INFORMATION_FORMAT = dwarf;
				ENABLE_STRICT_OBJC_MSGSEND = YES;
				ENABLE_TESTABILITY = YES;
				GCC_C_LANGUAGE_STANDARD = gnu11;
				GCC_DYNAMIC_NO_PIC = NO;
				GCC_NO_COMMON_BLOCKS = YES;
				GCC_OPTIMIZATION_LEVEL = 0;
				GCC_PREPROCESSOR_DEFINITIONS = (
					"DEBUG=1",
					"$(inherited)",
				);
				GCC_WARN_64_TO_32_BIT_CONVERSION = YES;
				GCC_WARN_ABOUT_RETURN_TYPE = YES_ERROR;
				GCC_WARN_UNDECLARED_SELECTOR = YES;
				GCC_WARN_UNINITIALIZED_AUTOS = YES_AGGRESSIVE;
				GCC_WARN_UNUSED_FUNCTION = YES;
				GCC_WARN_UNUSED_VARIABLE = YES;
				IPHONEOS_DEPLOYMENT_TARGET = 13.6;
				MTL_ENABLE_DEBUG_INFO = INCLUDE_SOURCE;
				MTL_FAST_MATH = YES;
				ONLY_ACTIVE_ARCH = YES;
				SDKROOT = iphoneos;
				SWIFT_ACTIVE_COMPILATION_CONDITIONS = DEBUG;
				SWIFT_OPTIMIZATION_LEVEL = "-Onone";
			};
			name = Debug;
		};
		DD689F4624CD59F300635225 /* Release */ = {
			isa = XCBuildConfiguration;
			buildSettings = {
				ALWAYS_SEARCH_USER_PATHS = NO;
				CLANG_ANALYZER_NONNULL = YES;
				CLANG_ANALYZER_NUMBER_OBJECT_CONVERSION = YES_AGGRESSIVE;
				CLANG_CXX_LANGUAGE_STANDARD = "gnu++14";
				CLANG_CXX_LIBRARY = "libc++";
				CLANG_ENABLE_MODULES = YES;
				CLANG_ENABLE_OBJC_ARC = YES;
				CLANG_ENABLE_OBJC_WEAK = YES;
				CLANG_WARN_BLOCK_CAPTURE_AUTORELEASING = YES;
				CLANG_WARN_BOOL_CONVERSION = YES;
				CLANG_WARN_COMMA = YES;
				CLANG_WARN_CONSTANT_CONVERSION = YES;
				CLANG_WARN_DEPRECATED_OBJC_IMPLEMENTATIONS = YES;
				CLANG_WARN_DIRECT_OBJC_ISA_USAGE = YES_ERROR;
				CLANG_WARN_DOCUMENTATION_COMMENTS = YES;
				CLANG_WARN_EMPTY_BODY = YES;
				CLANG_WARN_ENUM_CONVERSION = YES;
				CLANG_WARN_INFINITE_RECURSION = YES;
				CLANG_WARN_INT_CONVERSION = YES;
				CLANG_WARN_NON_LITERAL_NULL_CONVERSION = YES;
				CLANG_WARN_OBJC_IMPLICIT_RETAIN_SELF = YES;
				CLANG_WARN_OBJC_LITERAL_CONVERSION = YES;
				CLANG_WARN_OBJC_ROOT_CLASS = YES_ERROR;
				CLANG_WARN_RANGE_LOOP_ANALYSIS = YES;
				CLANG_WARN_STRICT_PROTOTYPES = YES;
				CLANG_WARN_SUSPICIOUS_MOVE = YES;
				CLANG_WARN_UNGUARDED_AVAILABILITY = YES_AGGRESSIVE;
				CLANG_WARN_UNREACHABLE_CODE = YES;
				CLANG_WARN__DUPLICATE_METHOD_MATCH = YES;
				COPY_PHASE_STRIP = NO;
				DEBUG_INFORMATION_FORMAT = "dwarf-with-dsym";
				ENABLE_NS_ASSERTIONS = NO;
				ENABLE_STRICT_OBJC_MSGSEND = YES;
				GCC_C_LANGUAGE_STANDARD = gnu11;
				GCC_NO_COMMON_BLOCKS = YES;
				GCC_WARN_64_TO_32_BIT_CONVERSION = YES;
				GCC_WARN_ABOUT_RETURN_TYPE = YES_ERROR;
				GCC_WARN_UNDECLARED_SELECTOR = YES;
				GCC_WARN_UNINITIALIZED_AUTOS = YES_AGGRESSIVE;
				GCC_WARN_UNUSED_FUNCTION = YES;
				GCC_WARN_UNUSED_VARIABLE = YES;
				IPHONEOS_DEPLOYMENT_TARGET = 13.6;
				MTL_ENABLE_DEBUG_INFO = NO;
				MTL_FAST_MATH = YES;
				SDKROOT = iphoneos;
				SWIFT_COMPILATION_MODE = wholemodule;
				SWIFT_OPTIMIZATION_LEVEL = "-O";
				VALIDATE_PRODUCT = YES;
			};
			name = Release;
		};
		DD689F4824CD59F300635225 /* Debug */ = {
			isa = XCBuildConfiguration;
			baseConfigurationReference = 859C0FE1BC6BF06FAD4E9082 /* Pods-GoPay-Tokenization-Swift.debug.xcconfig */;
			buildSettings = {
				ASSETCATALOG_COMPILER_APPICON_NAME = AppIcon;
				CODE_SIGN_STYLE = Automatic;
				DEVELOPMENT_TEAM = G92YEQF267;
				INFOPLIST_FILE = "GoPay-Tokenization-Swift/Info.plist";
				LD_RUNPATH_SEARCH_PATHS = (
					"$(inherited)",
					"@executable_path/Frameworks",
				);
				PRODUCT_BUNDLE_IDENTIFIER = "com.midtrans.GoPay-Tokenization-Swift.GoPay-Tokenization-Swift";
				PRODUCT_NAME = "$(TARGET_NAME)";
				SWIFT_VERSION = 5.0;
				TARGETED_DEVICE_FAMILY = "1,2";
			};
			name = Debug;
		};
		DD689F4924CD59F300635225 /* Release */ = {
			isa = XCBuildConfiguration;
			baseConfigurationReference = 82BD4BE8A20EB9B346789BC5 /* Pods-GoPay-Tokenization-Swift.release.xcconfig */;
			buildSettings = {
				ASSETCATALOG_COMPILER_APPICON_NAME = AppIcon;
				CODE_SIGN_STYLE = Automatic;
				DEVELOPMENT_TEAM = G92YEQF267;
				INFOPLIST_FILE = "GoPay-Tokenization-Swift/Info.plist";
				LD_RUNPATH_SEARCH_PATHS = (
					"$(inherited)",
					"@executable_path/Frameworks",
				);
				PRODUCT_BUNDLE_IDENTIFIER = "com.midtrans.GoPay-Tokenization-Swift.GoPay-Tokenization-Swift";
				PRODUCT_NAME = "$(TARGET_NAME)";
				SWIFT_VERSION = 5.0;
				TARGETED_DEVICE_FAMILY = "1,2";
			};
			name = Release;
		};
/* End XCBuildConfiguration section */

/* Begin XCConfigurationList section */
		DD689F2E24CD59F100635225 /* Build configuration list for PBXProject "GoPay-Tokenization-Swift" */ = {
			isa = XCConfigurationList;
			buildConfigurations = (
				DD689F4524CD59F300635225 /* Debug */,
				DD689F4624CD59F300635225 /* Release */,
			);
			defaultConfigurationIsVisible = 0;
			defaultConfigurationName = Release;
		};
		DD689F4724CD59F300635225 /* Build configuration list for PBXNativeTarget "GoPay-Tokenization-Swift" */ = {
			isa = XCConfigurationList;
			buildConfigurations = (
				DD689F4824CD59F300635225 /* Debug */,
				DD689F4924CD59F300635225 /* Release */,
			);
			defaultConfigurationIsVisible = 0;
			defaultConfigurationName = Release;
		};
/* End XCConfigurationList section */
	};
	rootObject = DD689F2B24CD59F100635225 /* Project object */;
}
